// !$*UTF8*$!
{
	archiveVersion = 1;
	classes = {
	};
	objectVersion = 56;
	objects = {

/* Begin PBXBuildFile section */
		CA2AA2102AB8E07400B83808 /* alarm_sound.mp3 in Resources */ = {isa = PBXBuildFile; fileRef = CA2AA20F2AB8E07400B83808 /* alarm_sound.mp3 */; };
		CA8AC66D2AB77D65004F6DFF /* AppDelegate.swift in Sources */ = {isa = PBXBuildFile; fileRef = CA8AC66C2AB77D65004F6DFF /* AppDelegate.swift */; };
		CA8AC66F2AB77D65004F6DFF /* SceneDelegate.swift in Sources */ = {isa = PBXBuildFile; fileRef = CA8AC66E2AB77D65004F6DFF /* SceneDelegate.swift */; };
		CA8AC6712AB77D65004F6DFF /* ViewController.swift in Sources */ = {isa = PBXBuildFile; fileRef = CA8AC6702AB77D65004F6DFF /* ViewController.swift */; };
		CA8AC6742AB77D65004F6DFF /* Main.storyboard in Resources */ = {isa = PBXBuildFile; fileRef = CA8AC6722AB77D65004F6DFF /* Main.storyboard */; };
		CA8AC6762AB77D66004F6DFF /* Assets.xcassets in Resources */ = {isa = PBXBuildFile; fileRef = CA8AC6752AB77D66004F6DFF /* Assets.xcassets */; };
		CA8AC6792AB77D66004F6DFF /* LaunchScreen.storyboard in Resources */ = {isa = PBXBuildFile; fileRef = CA8AC6772AB77D66004F6DFF /* LaunchScreen.storyboard */; };
		CA8AC6842AB77D66004F6DFF /* EggTimeTests.swift in Sources */ = {isa = PBXBuildFile; fileRef = CA8AC6832AB77D66004F6DFF /* EggTimeTests.swift */; };
		CA8AC68E2AB77D66004F6DFF /* EggTimeUITests.swift in Sources */ = {isa = PBXBuildFile; fileRef = CA8AC68D2AB77D66004F6DFF /* EggTimeUITests.swift */; };
		CA8AC6902AB77D66004F6DFF /* EggTimeUITestsLaunchTests.swift in Sources */ = {isa = PBXBuildFile; fileRef = CA8AC68F2AB77D66004F6DFF /* EggTimeUITestsLaunchTests.swift */; };
/* End PBXBuildFile section */

/* Begin PBXContainerItemProxy section */
		CA8AC6802AB77D66004F6DFF /* PBXContainerItemProxy */ = {
			isa = PBXContainerItemProxy;
			containerPortal = CA8AC6612AB77D65004F6DFF /* Project object */;
			proxyType = 1;
			remoteGlobalIDString = CA8AC6682AB77D65004F6DFF;
			remoteInfo = EggTime;
		};
		CA8AC68A2AB77D66004F6DFF /* PBXContainerItemProxy */ = {
			isa = PBXContainerItemProxy;
			containerPortal = CA8AC6612AB77D65004F6DFF /* Project object */;
			proxyType = 1;
			remoteGlobalIDString = CA8AC6682AB77D65004F6DFF;
			remoteInfo = EggTime;
		};
/* End PBXContainerItemProxy section */

/* Begin PBXFileReference section */
		CA2AA20F2AB8E07400B83808 /* alarm_sound.mp3 */ = {isa = PBXFileReference; lastKnownFileType = audio.mp3; name = alarm_sound.mp3; path = "../../EggTimer-iOS13/EggTimer/alarm_sound.mp3"; sourceTree = "<group>"; };
		CA8AC6692AB77D65004F6DFF /* EggTime.app */ = {isa = PBXFileReference; explicitFileType = wrapper.application; includeInIndex = 0; path = EggTime.app; sourceTree = BUILT_PRODUCTS_DIR; };
		CA8AC66C2AB77D65004F6DFF /* AppDelegate.swift */ = {isa = PBXFileReference; lastKnownFileType = sourcecode.swift; path = AppDelegate.swift; sourceTree = "<group>"; };
		CA8AC66E2AB77D65004F6DFF /* SceneDelegate.swift */ = {isa = PBXFileReference; lastKnownFileType = sourcecode.swift; path = SceneDelegate.swift; sourceTree = "<group>"; };
		CA8AC6702AB77D65004F6DFF /* ViewController.swift */ = {isa = PBXFileReference; lastKnownFileType = sourcecode.swift; path = ViewController.swift; sourceTree = "<group>"; };
		CA8AC6732AB77D65004F6DFF /* Base */ = {isa = PBXFileReference; lastKnownFileType = file.storyboard; name = Base; path = Base.lproj/Main.storyboard; sourceTree = "<group>"; };
		CA8AC6752AB77D66004F6DFF /* Assets.xcassets */ = {isa = PBXFileReference; lastKnownFileType = folder.assetcatalog; path = Assets.xcassets; sourceTree = "<group>"; };
		CA8AC6782AB77D66004F6DFF /* Base */ = {isa = PBXFileReference; lastKnownFileType = file.storyboard; name = Base; path = Base.lproj/LaunchScreen.storyboard; sourceTree = "<group>"; };
		CA8AC67A2AB77D66004F6DFF /* Info.plist */ = {isa = PBXFileReference; lastKnownFileType = text.plist.xml; path = Info.plist; sourceTree = "<group>"; };
		CA8AC67F2AB77D66004F6DFF /* EggTimeTests.xctest */ = {isa = PBXFileReference; explicitFileType = wrapper.cfbundle; includeInIndex = 0; path = EggTimeTests.xctest; sourceTree = BUILT_PRODUCTS_DIR; };
		CA8AC6832AB77D66004F6DFF /* EggTimeTests.swift */ = {isa = PBXFileReference; lastKnownFileType = sourcecode.swift; path = EggTimeTests.swift; sourceTree = "<group>"; };
		CA8AC6892AB77D66004F6DFF /* EggTimeUITests.xctest */ = {isa = PBXFileReference; explicitFileType = wrapper.cfbundle; includeInIndex = 0; path = EggTimeUITests.xctest; sourceTree = BUILT_PRODUCTS_DIR; };
		CA8AC68D2AB77D66004F6DFF /* EggTimeUITests.swift */ = {isa = PBXFileReference; lastKnownFileType = sourcecode.swift; path = EggTimeUITests.swift; sourceTree = "<group>"; };
		CA8AC68F2AB77D66004F6DFF /* EggTimeUITestsLaunchTests.swift */ = {isa = PBXFileReference; lastKnownFileType = sourcecode.swift; path = EggTimeUITestsLaunchTests.swift; sourceTree = "<group>"; };
/* End PBXFileReference section */

/* Begin PBXFrameworksBuildPhase section */
		CA8AC6662AB77D65004F6DFF /* Frameworks */ = {
			isa = PBXFrameworksBuildPhase;
			buildActionMask = 2147483647;
			files = (
			);
			runOnlyForDeploymentPostprocessing = 0;
		};
		CA8AC67C2AB77D66004F6DFF /* Frameworks */ = {
			isa = PBXFrameworksBuildPhase;
			buildActionMask = 2147483647;
			files = (
			);
			runOnlyForDeploymentPostprocessing = 0;
		};
		CA8AC6862AB77D66004F6DFF /* Frameworks */ = {
			isa = PBXFrameworksBuildPhase;
			buildActionMask = 2147483647;
			files = (
			);
			runOnlyForDeploymentPostprocessing = 0;
		};
/* End PBXFrameworksBuildPhase section */

/* Begin PBXGroup section */
		CA8AC6602AB77D65004F6DFF = {
			isa = PBXGroup;
			children = (
				CA8AC66B2AB77D65004F6DFF /* EggTime */,
				CA8AC6822AB77D66004F6DFF /* EggTimeTests */,
				CA8AC68C2AB77D66004F6DFF /* EggTimeUITests */,
				CA8AC66A2AB77D65004F6DFF /* Products */,
			);
			sourceTree = "<group>";
		};
		CA8AC66A2AB77D65004F6DFF /* Products */ = {
			isa = PBXGroup;
			children = (
				CA8AC6692AB77D65004F6DFF /* EggTime.app */,
				CA8AC67F2AB77D66004F6DFF /* EggTimeTests.xctest */,
				CA8AC6892AB77D66004F6DFF /* EggTimeUITests.xctest */,
			);
			name = Products;
			sourceTree = "<group>";
		};
		CA8AC66B2AB77D65004F6DFF /* EggTime */ = {
			isa = PBXGroup;
			children = (
				CA2AA20F2AB8E07400B83808 /* alarm_sound.mp3 */,
				CA8AC66C2AB77D65004F6DFF /* AppDelegate.swift */,
				CA8AC66E2AB77D65004F6DFF /* SceneDelegate.swift */,
				CA8AC6702AB77D65004F6DFF /* ViewController.swift */,
				CA8AC6722AB77D65004F6DFF /* Main.storyboard */,
				CA8AC6752AB77D66004F6DFF /* Assets.xcassets */,
				CA8AC6772AB77D66004F6DFF /* LaunchScreen.storyboard */,
				CA8AC67A2AB77D66004F6DFF /* Info.plist */,
			);
			path = EggTime;
			sourceTree = "<group>";
		};
		CA8AC6822AB77D66004F6DFF /* EggTimeTests */ = {
			isa = PBXGroup;
			children = (
				CA8AC6832AB77D66004F6DFF /* EggTimeTests.swift */,
			);
			path = EggTimeTests;
			sourceTree = "<group>";
		};
		CA8AC68C2AB77D66004F6DFF /* EggTimeUITests */ = {
			isa = PBXGroup;
			children = (
				CA8AC68D2AB77D66004F6DFF /* EggTimeUITests.swift */,
				CA8AC68F2AB77D66004F6DFF /* EggTimeUITestsLaunchTests.swift */,
			);
			path = EggTimeUITests;
			sourceTree = "<group>";
		};
/* End PBXGroup section */

/* Begin PBXNativeTarget section */
		CA8AC6682AB77D65004F6DFF /* EggTime */ = {
			isa = PBXNativeTarget;
			buildConfigurationList = CA8AC6932AB77D66004F6DFF /* Build configuration list for PBXNativeTarget "EggTime" */;
			buildPhases = (
				CA8AC6652AB77D65004F6DFF /* Sources */,
				CA8AC6662AB77D65004F6DFF /* Frameworks */,
				CA8AC6672AB77D65004F6DFF /* Resources */,
			);
			buildRules = (
			);
			dependencies = (
			);
			name = EggTime;
			productName = EggTime;
			productReference = CA8AC6692AB77D65004F6DFF /* EggTime.app */;
			productType = "com.apple.product-type.application";
		};
		CA8AC67E2AB77D66004F6DFF /* EggTimeTests */ = {
			isa = PBXNativeTarget;
			buildConfigurationList = CA8AC6962AB77D66004F6DFF /* Build configuration list for PBXNativeTarget "EggTimeTests" */;
			buildPhases = (
				CA8AC67B2AB77D66004F6DFF /* Sources */,
				CA8AC67C2AB77D66004F6DFF /* Frameworks */,
				CA8AC67D2AB77D66004F6DFF /* Resources */,
			);
			buildRules = (
			);
			dependencies = (
				CA8AC6812AB77D66004F6DFF /* PBXTargetDependency */,
			);
			name = EggTimeTests;
			productName = EggTimeTests;
			productReference = CA8AC67F2AB77D66004F6DFF /* EggTimeTests.xctest */;
			productType = "com.apple.product-type.bundle.unit-test";
		};
		CA8AC6882AB77D66004F6DFF /* EggTimeUITests */ = {
			isa = PBXNativeTarget;
			buildConfigurationList = CA8AC6992AB77D66004F6DFF /* Build configuration list for PBXNativeTarget "EggTimeUITests" */;
			buildPhases = (
				CA8AC6852AB77D66004F6DFF /* Sources */,
				CA8AC6862AB77D66004F6DFF /* Frameworks */,
				CA8AC6872AB77D66004F6DFF /* Resources */,
			);
			buildRules = (
			);
			dependencies = (
				CA8AC68B2AB77D66004F6DFF /* PBXTargetDependency */,
			);
			name = EggTimeUITests;
			productName = EggTimeUITests;
			productReference = CA8AC6892AB77D66004F6DFF /* EggTimeUITests.xctest */;
			productType = "com.apple.product-type.bundle.ui-testing";
		};
/* End PBXNativeTarget section */

/* Begin PBXProject section */
		CA8AC6612AB77D65004F6DFF /* Project object */ = {
			isa = PBXProject;
			attributes = {
				BuildIndependentTargetsInParallel = 1;
				LastSwiftUpdateCheck = 1430;
				LastUpgradeCheck = 1430;
				TargetAttributes = {
					CA8AC6682AB77D65004F6DFF = {
						CreatedOnToolsVersion = 14.3.1;
					};
					CA8AC67E2AB77D66004F6DFF = {
						CreatedOnToolsVersion = 14.3.1;
						TestTargetID = CA8AC6682AB77D65004F6DFF;
					};
					CA8AC6882AB77D66004F6DFF = {
						CreatedOnToolsVersion = 14.3.1;
						TestTargetID = CA8AC6682AB77D65004F6DFF;
					};
				};
			};
			buildConfigurationList = CA8AC6642AB77D65004F6DFF /* Build configuration list for PBXProject "EggTime" */;
			compatibilityVersion = "Xcode 14.0";
			developmentRegion = en;
			hasScannedForEncodings = 0;
			knownRegions = (
				en,
				Base,
			);
			mainGroup = CA8AC6602AB77D65004F6DFF;
			productRefGroup = CA8AC66A2AB77D65004F6DFF /* Products */;
			projectDirPath = "";
			projectRoot = "";
			targets = (
				CA8AC6682AB77D65004F6DFF /* EggTime */,
				CA8AC67E2AB77D66004F6DFF /* EggTimeTests */,
				CA8AC6882AB77D66004F6DFF /* EggTimeUITests */,
			);
		};
/* End PBXProject section */

/* Begin PBXResourcesBuildPhase section */
		CA8AC6672AB77D65004F6DFF /* Resources */ = {
			isa = PBXResourcesBuildPhase;
			buildActionMask = 2147483647;
			files = (
				CA8AC6792AB77D66004F6DFF /* LaunchScreen.storyboard in Resources */,
				CA8AC6762AB77D66004F6DFF /* Assets.xcassets in Resources */,
				CA2AA2102AB8E07400B83808 /* alarm_sound.mp3 in Resources */,
				CA8AC6742AB77D65004F6DFF /* Main.storyboard in Resources */,
			);
			runOnlyForDeploymentPostprocessing = 0;
		};
		CA8AC67D2AB77D66004F6DFF /* Resources */ = {
			isa = PBXResourcesBuildPhase;
			buildActionMask = 2147483647;
			files = (
			);
			runOnlyForDeploymentPostprocessing = 0;
		};
		CA8AC6872AB77D66004F6DFF /* Resources */ = {
			isa = PBXResourcesBuildPhase;
			buildActionMask = 2147483647;
			files = (
			);
			runOnlyForDeploymentPostprocessing = 0;
		};
/* End PBXResourcesBuildPhase section */

/* Begin PBXSourcesBuildPhase section */
		CA8AC6652AB77D65004F6DFF /* Sources */ = {
			isa = PBXSourcesBuildPhase;
			buildActionMask = 2147483647;
			files = (
				CA8AC6712AB77D65004F6DFF /* ViewController.swift in Sources */,
				CA8AC66D2AB77D65004F6DFF /* AppDelegate.swift in Sources */,
				CA8AC66F2AB77D65004F6DFF /* SceneDelegate.swift in Sources */,
			);
			runOnlyForDeploymentPostprocessing = 0;
		};
		CA8AC67B2AB77D66004F6DFF /* Sources */ = {
			isa = PBXSourcesBuildPhase;
			buildActionMask = 2147483647;
			files = (
				CA8AC6842AB77D66004F6DFF /* EggTimeTests.swift in Sources */,
			);
			runOnlyForDeploymentPostprocessing = 0;
		};
		CA8AC6852AB77D66004F6DFF /* Sources */ = {
			isa = PBXSourcesBuildPhase;
			buildActionMask = 2147483647;
			files = (
				CA8AC68E2AB77D66004F6DFF /* EggTimeUITests.swift in Sources */,
				CA8AC6902AB77D66004F6DFF /* EggTimeUITestsLaunchTests.swift in Sources */,
			);
			runOnlyForDeploymentPostprocessing = 0;
		};
/* End PBXSourcesBuildPhase section */

/* Begin PBXTargetDependency section */
		CA8AC6812AB77D66004F6DFF /* PBXTargetDependency */ = {
			isa = PBXTargetDependency;
			target = CA8AC6682AB77D65004F6DFF /* EggTime */;
			targetProxy = CA8AC6802AB77D66004F6DFF /* PBXContainerItemProxy */;
		};
		CA8AC68B2AB77D66004F6DFF /* PBXTargetDependency */ = {
			isa = PBXTargetDependency;
			target = CA8AC6682AB77D65004F6DFF /* EggTime */;
			targetProxy = CA8AC68A2AB77D66004F6DFF /* PBXContainerItemProxy */;
		};
/* End PBXTargetDependency section */

/* Begin PBXVariantGroup section */
		CA8AC6722AB77D65004F6DFF /* Main.storyboard */ = {
			isa = PBXVariantGroup;
			children = (
				CA8AC6732AB77D65004F6DFF /* Base */,
			);
			name = Main.storyboard;
			sourceTree = "<group>";
		};
		CA8AC6772AB77D66004F6DFF /* LaunchScreen.storyboard */ = {
			isa = PBXVariantGroup;
			children = (
				CA8AC6782AB77D66004F6DFF /* Base */,
			);
			name = LaunchScreen.storyboard;
			sourceTree = "<group>";
		};
/* End PBXVariantGroup section */

/* Begin XCBuildConfiguration section */
		CA8AC6912AB77D66004F6DFF /* Debug */ = {
			isa = XCBuildConfiguration;
			buildSettings = {
				ALWAYS_SEARCH_USER_PATHS = NO;
				CLANG_ANALYZER_NONNULL = YES;
				CLANG_ANALYZER_NUMBER_OBJECT_CONVERSION = YES_AGGRESSIVE;
				CLANG_CXX_LANGUAGE_STANDARD = "gnu++20";
				CLANG_ENABLE_MODULES = YES;
				CLANG_ENABLE_OBJC_ARC = YES;
				CLANG_ENABLE_OBJC_WEAK = YES;
				CLANG_WARN_BLOCK_CAPTURE_AUTORELEASING = YES;
				CLANG_WARN_BOOL_CONVERSION = YES;
				CLANG_WARN_COMMA = YES;
				CLANG_WARN_CONSTANT_CONVERSION = YES;
				CLANG_WARN_DEPRECATED_OBJC_IMPLEMENTATIONS = YES;
				CLANG_WARN_DIRECT_OBJC_ISA_USAGE = YES_ERROR;
				CLANG_WARN_DOCUMENTATION_COMMENTS = YES;
				CLANG_WARN_EMPTY_BODY = YES;
				CLANG_WARN_ENUM_CONVERSION = YES;
				CLANG_WARN_INFINITE_RECURSION = YES;
				CLANG_WARN_INT_CONVERSION = YES;
				CLANG_WARN_NON_LITERAL_NULL_CONVERSION = YES;
				CLANG_WARN_OBJC_IMPLICIT_RETAIN_SELF = YES;
				CLANG_WARN_OBJC_LITERAL_CONVERSION = YES;
				CLANG_WARN_OBJC_ROOT_CLASS = YES_ERROR;
				CLANG_WARN_QUOTED_INCLUDE_IN_FRAMEWORK_HEADER = YES;
				CLANG_WARN_RANGE_LOOP_ANALYSIS = YES;
				CLANG_WARN_STRICT_PROTOTYPES = YES;
				CLANG_WARN_SUSPICIOUS_MOVE = YES;
				CLANG_WARN_UNGUARDED_AVAILABILITY = YES_AGGRESSIVE;
				CLANG_WARN_UNREACHABLE_CODE = YES;
				CLANG_WARN__DUPLICATE_METHOD_MATCH = YES;
				COPY_PHASE_STRIP = NO;
				DEBUG_INFORMATION_FORMAT = dwarf;
				ENABLE_STRICT_OBJC_MSGSEND = YES;
				ENABLE_TESTABILITY = YES;
				GCC_C_LANGUAGE_STANDARD = gnu11;
				GCC_DYNAMIC_NO_PIC = NO;
				GCC_NO_COMMON_BLOCKS = YES;
				GCC_OPTIMIZATION_LEVEL = 0;
				GCC_PREPROCESSOR_DEFINITIONS = (
					"DEBUG=1",
					"$(inherited)",
				);
				GCC_WARN_64_TO_32_BIT_CONVERSION = YES;
				GCC_WARN_ABOUT_RETURN_TYPE = YES_ERROR;
				GCC_WARN_UNDECLARED_SELECTOR = YES;
				GCC_WARN_UNINITIALIZED_AUTOS = YES_AGGRESSIVE;
				GCC_WARN_UNUSED_FUNCTION = YES;
				GCC_WARN_UNUSED_VARIABLE = YES;
				IPHONEOS_DEPLOYMENT_TARGET = 16.4;
				MTL_ENABLE_DEBUG_INFO = INCLUDE_SOURCE;
				MTL_FAST_MATH = YES;
				ONLY_ACTIVE_ARCH = YES;
				SDKROOT = iphoneos;
				SWIFT_ACTIVE_COMPILATION_CONDITIONS = DEBUG;
				SWIFT_OPTIMIZATION_LEVEL = "-Onone";
			};
			name = Debug;
		};
		CA8AC6922AB77D66004F6DFF /* Release */ = {
			isa = XCBuildConfiguration;
			buildSettings = {
				ALWAYS_SEARCH_USER_PATHS = NO;
				CLANG_ANALYZER_NONNULL = YES;
				CLANG_ANALYZER_NUMBER_OBJECT_CONVERSION = YES_AGGRESSIVE;
				CLANG_CXX_LANGUAGE_STANDARD = "gnu++20";
				CLANG_ENABLE_MODULES = YES;
				CLANG_ENABLE_OBJC_ARC = YES;
				CLANG_ENABLE_OBJC_WEAK = YES;
				CLANG_WARN_BLOCK_CAPTURE_AUTORELEASING = YES;
				CLANG_WARN_BOOL_CONVERSION = YES;
				CLANG_WARN_COMMA = YES;
				CLANG_WARN_CONSTANT_CONVERSION = YES;
				CLANG_WARN_DEPRECATED_OBJC_IMPLEMENTATIONS = YES;
				CLANG_WARN_DIRECT_OBJC_ISA_USAGE = YES_ERROR;
				CLANG_WARN_DOCUMENTATION_COMMENTS = YES;
				CLANG_WARN_EMPTY_BODY = YES;
				CLANG_WARN_ENUM_CONVERSION = YES;
				CLANG_WARN_INFINITE_RECURSION = YES;
				CLANG_WARN_INT_CONVERSION = YES;
				CLANG_WARN_NON_LITERAL_NULL_CONVERSION = YES;
				CLANG_WARN_OBJC_IMPLICIT_RETAIN_SELF = YES;
				CLANG_WARN_OBJC_LITERAL_CONVERSION = YES;
				CLANG_WARN_OBJC_ROOT_CLASS = YES_ERROR;
				CLANG_WARN_QUOTED_INCLUDE_IN_FRAMEWORK_HEADER = YES;
				CLANG_WARN_RANGE_LOOP_ANALYSIS = YES;
				CLANG_WARN_STRICT_PROTOTYPES = YES;
				CLANG_WARN_SUSPICIOUS_MOVE = YES;
				CLANG_WARN_UNGUARDED_AVAILABILITY = YES_AGGRESSIVE;
				CLANG_WARN_UNREACHABLE_CODE = YES;
				CLANG_WARN__DUPLICATE_METHOD_MATCH = YES;
				COPY_PHASE_STRIP = NO;
				DEBUG_INFORMATION_FORMAT = "dwarf-with-dsym";
				ENABLE_NS_ASSERTIONS = NO;
				ENABLE_STRICT_OBJC_MSGSEND = YES;
				GCC_C_LANGUAGE_STANDARD = gnu11;
				GCC_NO_COMMON_BLOCKS = YES;
				GCC_WARN_64_TO_32_BIT_CONVERSION = YES;
				GCC_WARN_ABOUT_RETURN_TYPE = YES_ERROR;
				GCC_WARN_UNDECLARED_SELECTOR = YES;
				GCC_WARN_UNINITIALIZED_AUTOS = YES_AGGRESSIVE;
				GCC_WARN_UNUSED_FUNCTION = YES;
				GCC_WARN_UNUSED_VARIABLE = YES;
				IPHONEOS_DEPLOYMENT_TARGET = 16.4;
				MTL_ENABLE_DEBUG_INFO = NO;
				MTL_FAST_MATH = YES;
				SDKROOT = iphoneos;
				SWIFT_COMPILATION_MODE = wholemodule;
				SWIFT_OPTIMIZATION_LEVEL = "-O";
				VALIDATE_PRODUCT = YES;
			};
			name = Release;
		};
		CA8AC6942AB77D66004F6DFF /* Debug */ = {
			isa = XCBuildConfiguration;
			buildSettings = {
				ASSETCATALOG_COMPILER_APPICON_NAME = AppIcon;
				ASSETCATALOG_COMPILER_GLOBAL_ACCENT_COLOR_NAME = AccentColor;
				CODE_SIGN_STYLE = Automatic;
				CURRENT_PROJECT_VERSION = 1;
				DEVELOPMENT_TEAM = DDX45LBBX3;
				GENERATE_INFOPLIST_FILE = YES;
				INFOPLIST_FILE = EggTime/Info.plist;
				INFOPLIST_KEY_UIApplicationSupportsIndirectInputEvents = YES;
				INFOPLIST_KEY_UILaunchStoryboardName = LaunchScreen;
				INFOPLIST_KEY_UIMainStoryboardFile = Main;
				INFOPLIST_KEY_UISupportedInterfaceOrientations_iPad = "UIInterfaceOrientationPortrait UIInterfaceOrientationPortraitUpsideDown UIInterfaceOrientationLandscapeLeft UIInterfaceOrientationLandscapeRight";
				INFOPLIST_KEY_UISupportedInterfaceOrientations_iPhone = "UIInterfaceOrientationPortrait UIInterfaceOrientationLandscapeLeft UIInterfaceOrientationLandscapeRight";
				LD_RUNPATH_SEARCH_PATHS = (
					"$(inherited)",
					"@executable_path/Frameworks",
				);
				MARKETING_VERSION = 1.0;
				PRODUCT_BUNDLE_IDENTIFIER = com.learn.eggtime.EggTime;
				PRODUCT_NAME = "$(TARGET_NAME)";
				SWIFT_EMIT_LOC_STRINGS = YES;
				SWIFT_VERSION = 5.0;
				TARGETED_DEVICE_FAMILY = "1,2";
			};
			name = Debug;
		};
		CA8AC6952AB77D66004F6DFF /* Release */ = {
			isa = XCBuildConfiguration;
			buildSettings = {
				ASSETCATALOG_COMPILER_APPICON_NAME = AppIcon;
				ASSETCATALOG_COMPILER_GLOBAL_ACCENT_COLOR_NAME = AccentColor;
				CODE_SIGN_STYLE = Automatic;
				CURRENT_PROJECT_VERSION = 1;
				DEVELOPMENT_TEAM = DDX45LBBX3;
				GENERATE_INFOPLIST_FILE = YES;
				INFOPLIST_FILE = EggTime/Info.plist;
				INFOPLIST_KEY_UIApplicationSupportsIndirectInputEvents = YES;
				INFOPLIST_KEY_UILaunchStoryboardName = LaunchScreen;
				INFOPLIST_KEY_UIMainStoryboardFile = Main;
				INFOPLIST_KEY_UISupportedInterfaceOrientations_iPad = "UIInterfaceOrientationPortrait UIInterfaceOrientationPortraitUpsideDown UIInterfaceOrientationLandscapeLeft UIInterfaceOrientationLandscapeRight";
				INFOPLIST_KEY_UISupportedInterfaceOrientations_iPhone = "UIInterfaceOrientationPortrait UIInterfaceOrientationLandscapeLeft UIInterfaceOrientationLandscapeRight";
				LD_RUNPATH_SEARCH_PATHS = (
					"$(inherited)",
					"@executable_path/Frameworks",
				);
				MARKETING_VERSION = 1.0;
				PRODUCT_BUNDLE_IDENTIFIER = com.learn.eggtime.EggTime;
				PRODUCT_NAME = "$(TARGET_NAME)";
				SWIFT_EMIT_LOC_STRINGS = YES;
				SWIFT_VERSION = 5.0;
				TARGETED_DEVICE_FAMILY = "1,2";
			};
			name = Release;
		};
		CA8AC6972AB77D66004F6DFF /* Debug */ = {
			isa = XCBuildConfiguration;
			buildSettings = {
				ALWAYS_EMBED_SWIFT_STANDARD_LIBRARIES = YES;
				BUNDLE_LOADER = "$(TEST_HOST)";
				CODE_SIGN_STYLE = Automatic;
				CURRENT_PROJECT_VERSION = 1;
				DEVELOPMENT_TEAM = DDX45LBBX3;
				GENERATE_INFOPLIST_FILE = YES;
				IPHONEOS_DEPLOYMENT_TARGET = 16.4;
				MARKETING_VERSION = 1.0;
				PRODUCT_BUNDLE_IDENTIFIER = com.learn.eggtime.EggTimeTests;
				PRODUCT_NAME = "$(TARGET_NAME)";
				SWIFT_EMIT_LOC_STRINGS = NO;
				SWIFT_VERSION = 5.0;
				TARGETED_DEVICE_FAMILY = "1,2";
				TEST_HOST = "$(BUILT_PRODUCTS_DIR)/EggTime.app/$(BUNDLE_EXECUTABLE_FOLDER_PATH)/EggTime";
			};
			name = Debug;
		};
		CA8AC6982AB77D66004F6DFF /* Release */ = {
			isa = XCBuildConfiguration;
			buildSettings = {
				ALWAYS_EMBED_SWIFT_STANDARD_LIBRARIES = YES;
				BUNDLE_LOADER = "$(TEST_HOST)";
				CODE_SIGN_STYLE = Automatic;
				CURRENT_PROJECT_VERSION = 1;
				DEVELOPMENT_TEAM = DDX45LBBX3;
				GENERATE_INFOPLIST_FILE = YES;
				IPHONEOS_DEPLOYMENT_TARGET = 16.4;
				MARKETING_VERSION = 1.0;
				PRODUCT_BUNDLE_IDENTIFIER = com.learn.eggtime.EggTimeTests;
				PRODUCT_NAME = "$(TARGET_NAME)";
				SWIFT_EMIT_LOC_STRINGS = NO;
				SWIFT_VERSION = 5.0;
				TARGETED_DEVICE_FAMILY = "1,2";
				TEST_HOST = "$(BUILT_PRODUCTS_DIR)/EggTime.app/$(BUNDLE_EXECUTABLE_FOLDER_PATH)/EggTime";
			};
			name = Release;
		};
		CA8AC69A2AB77D66004F6DFF /* Debug */ = {
			isa = XCBuildConfiguration;
			buildSettings = {
				ALWAYS_EMBED_SWIFT_STANDARD_LIBRARIES = YES;
				CODE_SIGN_STYLE = Automatic;
				CURRENT_PROJECT_VERSION = 1;
				DEVELOPMENT_TEAM = DDX45LBBX3;
				GENERATE_INFOPLIST_FILE = YES;
				MARKETING_VERSION = 1.0;
				PRODUCT_BUNDLE_IDENTIFIER = com.learn.eggtime.EggTimeUITests;
				PRODUCT_NAME = "$(TARGET_NAME)";
				SWIFT_EMIT_LOC_STRINGS = NO;
				SWIFT_VERSION = 5.0;
				TARGETED_DEVICE_FAMILY = "1,2";
				TEST_TARGET_NAME = EggTime;
			};
			name = Debug;
		};
		CA8AC69B2AB77D66004F6DFF /* Release */ = {
			isa = XCBuildConfiguration;
			buildSettings = {
				ALWAYS_EMBED_SWIFT_STANDARD_LIBRARIES = YES;
				CODE_SIGN_STYLE = Automatic;
				CURRENT_PROJECT_VERSION = 1;
				DEVELOPMENT_TEAM = DDX45LBBX3;
				GENERATE_INFOPLIST_FILE = YES;
				MARKETING_VERSION = 1.0;
				PRODUCT_BUNDLE_IDENTIFIER = com.learn.eggtime.EggTimeUITests;
				PRODUCT_NAME = "$(TARGET_NAME)";
				SWIFT_EMIT_LOC_STRINGS = NO;
				SWIFT_VERSION = 5.0;
				TARGETED_DEVICE_FAMILY = "1,2";
				TEST_TARGET_NAME = EggTime;
			};
			name = Release;
		};
/* End XCBuildConfiguration section */

/* Begin XCConfigurationList section */
		CA8AC6642AB77D65004F6DFF /* Build configuration list for PBXProject "EggTime" */ = {
			isa = XCConfigurationList;
			buildConfigurations = (
				CA8AC6912AB77D66004F6DFF /* Debug */,
				CA8AC6922AB77D66004F6DFF /* Release */,
			);
			defaultConfigurationIsVisible = 0;
			defaultConfigurationName = Release;
		};
		CA8AC6932AB77D66004F6DFF /* Build configuration list for PBXNativeTarget "EggTime" */ = {
			isa = XCConfigurationList;
			buildConfigurations = (
				CA8AC6942AB77D66004F6DFF /* Debug */,
				CA8AC6952AB77D66004F6DFF /* Release */,
			);
			defaultConfigurationIsVisible = 0;
			defaultConfigurationName = Release;
		};
		CA8AC6962AB77D66004F6DFF /* Build configuration list for PBXNativeTarget "EggTimeTests" */ = {
			isa = XCConfigurationList;
			buildConfigurations = (
				CA8AC6972AB77D66004F6DFF /* Debug */,
				CA8AC6982AB77D66004F6DFF /* Release */,
			);
			defaultConfigurationIsVisible = 0;
			defaultConfigurationName = Release;
		};
		CA8AC6992AB77D66004F6DFF /* Build configuration list for PBXNativeTarget "EggTimeUITests" */ = {
			isa = XCConfigurationList;
			buildConfigurations = (
				CA8AC69A2AB77D66004F6DFF /* Debug */,
				CA8AC69B2AB77D66004F6DFF /* Release */,
			);
			defaultConfigurationIsVisible = 0;
			defaultConfigurationName = Release;
		};
/* End XCConfigurationList section */
	};
	rootObject = CA8AC6612AB77D65004F6DFF /* Project object */;
}
